
Microsoft Visual Studio Solution File, Format Version 12.00
# Visual Studio Version 16
VisualStudioVersion = 16.0.30907.101
MinimumVisualStudioVersion = 10.0.40219.1
Project("{FAE04EC0-301F-11D3-BF4B-00C04F79EFBC}") = "Music Player App", "Music Player App\Music Player App.csproj", "{E147D55D-5C47-4886-BBA2-ADCBD6FD3B1E}"
EndProject
Global
	GlobalSection(SolutionConfigurationPlatforms) = preSolution
		Debug|Any CPU = Debug|Any CPU
		Release|Any CPU = Release|Any CPU
	EndGlobalSection
	GlobalSection(ProjectConfigurationPlatforms) = postSolution
		{E147D55D-5C47-4886-BBA2-ADCBD6FD3B1E}.Debug|Any CPU.ActiveCfg = Debug|Any CPU
		{E147D55D-5C47-4886-BBA2-ADCBD6FD3B1E}.Debug|Any CPU.Build.0 = Debug|Any CPU
		{E147D55D-5C47-4886-BBA2-ADCBD6FD3B1E}.Release|Any CPU.ActiveCfg = Release|Any CPU
		{E147D55D-5C47-4886-BBA2-ADCBD6FD3B1E}.Release|Any CPU.Build.0 = Release|Any CPU
	EndGlobalSection
	GlobalSection(SolutionProperties) = preSolution
		HideSolutionNode = FALSE
	EndGlobalSection
	GlobalSection(ExtensibilityGlobals) = postSolution
		SolutionGuid = {59108AB5-7CFC-4DBF-80C2-182ABDFC5769}
	EndGlobalSection
EndGlobal
